
Microsoft Visual Studio Solution File, Format Version 12.00
# Visual Studio Version 16
VisualStudioVersion = 16.0.31205.134
MinimumVisualStudioVersion = 10.0.40219.1
Project("{9A19103F-16F7-4668-BE54-9A1E7A4F7556}") = "Payment.Data", "Payment.Data\Payment.Data.csproj", "{458D3F30-0E3B-4CB3-A6FC-CAA60EBADEBC}"
EndProject
Project("{9A19103F-16F7-4668-BE54-9A1E7A4F7556}") = "Payment.Api", "Payment.Api\Payment.Api.csproj", "{5AF31C6C-2CF8-4D19-A0A0-A0D9BDF17941}"
EndProject
Project("{FAE04EC0-301F-11D3-BF4B-00C04F79EFBC}") = "Payment.Core", "Payment.Core\Payment.Core.csproj", "{CEF004F3-2CEA-4472-901B-5795C3C921E6}"
EndProject
Project("{FAE04EC0-301F-11D3-BF4B-00C04F79EFBC}") = "Payment.Core.Test", "Payment.Core.Test\Payment.Core.Test.csproj", "{6A6DF601-2563-43D1-B803-57F950153AE6}"
EndProject
Global
	GlobalSection(SolutionConfigurationPlatforms) = preSolution
		Debug|Any CPU = Debug|Any CPU
		Release|Any CPU = Release|Any CPU
	EndGlobalSection
	GlobalSection(ProjectConfigurationPlatforms) = postSolution
		{458D3F30-0E3B-4CB3-A6FC-CAA60EBADEBC}.Debug|Any CPU.ActiveCfg = Debug|Any CPU
		{458D3F30-0E3B-4CB3-A6FC-CAA60EBADEBC}.Debug|Any CPU.Build.0 = Debug|Any CPU
		{458D3F30-0E3B-4CB3-A6FC-CAA60EBADEBC}.Release|Any CPU.ActiveCfg = Release|Any CPU
		{458D3F30-0E3B-4CB3-A6FC-CAA60EBADEBC}.Release|Any CPU.Build.0 = Release|Any CPU
		{5AF31C6C-2CF8-4D19-A0A0-A0D9BDF17941}.Debug|Any CPU.ActiveCfg = Debug|Any CPU
		{5AF31C6C-2CF8-4D19-A0A0-A0D9BDF17941}.Debug|Any CPU.Build.0 = Debug|Any CPU
		{5AF31C6C-2CF8-4D19-A0A0-A0D9BDF17941}.Release|Any CPU.ActiveCfg = Release|Any CPU
		{5AF31C6C-2CF8-4D19-A0A0-A0D9BDF17941}.Release|Any CPU.Build.0 = Release|Any CPU
		{CEF004F3-2CEA-4472-901B-5795C3C921E6}.Debug|Any CPU.ActiveCfg = Debug|Any CPU
		{CEF004F3-2CEA-4472-901B-5795C3C921E6}.Debug|Any CPU.Build.0 = Debug|Any CPU
		{CEF004F3-2CEA-4472-901B-5795C3C921E6}.Release|Any CPU.ActiveCfg = Release|Any CPU
		{CEF004F3-2CEA-4472-901B-5795C3C921E6}.Release|Any CPU.Build.0 = Release|Any CPU
		{6A6DF601-2563-43D1-B803-57F950153AE6}.Debug|Any CPU.ActiveCfg = Debug|Any CPU
		{6A6DF601-2563-43D1-B803-57F950153AE6}.Debug|Any CPU.Build.0 = Debug|Any CPU
		{6A6DF601-2563-43D1-B803-57F950153AE6}.Release|Any CPU.ActiveCfg = Release|Any CPU
		{6A6DF601-2563-43D1-B803-57F950153AE6}.Release|Any CPU.Build.0 = Release|Any CPU
	EndGlobalSection
	GlobalSection(SolutionProperties) = preSolution
		HideSolutionNode = FALSE
	EndGlobalSection
	GlobalSection(ExtensibilityGlobals) = postSolution
		SolutionGuid = {0770A460-82A4-4A96-9136-D7113085768B}
	EndGlobalSection
EndGlobal
